
Microsoft Visual Studio Solution File, Format Version 12.00
# Visual Studio Version 17
VisualStudioVersion = 17.0.31919.166
MinimumVisualStudioVersion = 10.0.40219.1
Project("{9A19103F-16F7-4668-BE54-9A1E7A4F7556}") = "IdeaHelper", "IdeaHelper\IdeaHelper.csproj", "{7E246A26-CE73-48D2-8395-31563ABB513C}"
EndProject
Global
	GlobalSection(SolutionConfigurationPlatforms) = preSolution
		Debug|Any CPU = Debug|Any CPU
		Release|Any CPU = Release|Any CPU
	EndGlobalSection
	GlobalSection(ProjectConfigurationPlatforms) = postSolution
		{7E246A26-CE73-48D2-8395-31563ABB513C}.Debug|Any CPU.ActiveCfg = Debug|Any CPU
		{7E246A26-CE73-48D2-8395-31563ABB513C}.Debug|Any CPU.Build.0 = Debug|Any CPU
		{7E246A26-CE73-48D2-8395-31563ABB513C}.Release|Any CPU.ActiveCfg = Release|Any CPU
		{7E246A26-CE73-48D2-8395-31563ABB513C}.Release|Any CPU.Build.0 = Release|Any CPU
	EndGlobalSection
	GlobalSection(SolutionProperties) = preSolution
		HideSolutionNode = FALSE
	EndGlobalSection
	GlobalSection(ExtensibilityGlobals) = postSolution
		SolutionGuid = {76BBF30F-6F1B-4503-B9D4-7B9967823D81}
	EndGlobalSection
EndGlobal
